
Microsoft Visual Studio Solution File, Format Version 12.00
# Visual Studio Version 17
VisualStudioVersion = 17.7.34221.43
MinimumVisualStudioVersion = 10.0.40219.1
Project("{9A19103F-16F7-4668-BE54-9A1E7A4F7556}") = "Waveform Generator", "Waveform Generator.csproj", "{8CCED92F-A14E-43FC-A4EB-C43878DB26E7}"
EndProject
Global
	GlobalSection(SolutionConfigurationPlatforms) = preSolution
		Debug|Any CPU = Debug|Any CPU
		Release|Any CPU = Release|Any CPU
	EndGlobalSection
	GlobalSection(ProjectConfigurationPlatforms) = postSolution
		{8CCED92F-A14E-43FC-A4EB-C43878DB26E7}.Debug|Any CPU.ActiveCfg = Debug|Any CPU
		{8CCED92F-A14E-43FC-A4EB-C43878DB26E7}.Debug|Any CPU.Build.0 = Debug|Any CPU
		{8CCED92F-A14E-43FC-A4EB-C43878DB26E7}.Release|Any CPU.ActiveCfg = Release|Any CPU
		{8CCED92F-A14E-43FC-A4EB-C43878DB26E7}.Release|Any CPU.Build.0 = Release|Any CPU
	EndGlobalSection
	GlobalSection(SolutionProperties) = preSolution
		HideSolutionNode = FALSE
	EndGlobalSection
	GlobalSection(ExtensibilityGlobals) = postSolution
		SolutionGuid = {B81CB890-BBE4-42FB-8C2D-D7FCB10E0D74}
	EndGlobalSection
EndGlobal
